// !$*UTF8*$!
{
	archiveVersion = 1;
	classes = {
	};
	objectVersion = 55;
	objects = {

/* Begin PBXBuildFile section */
		7FBF7BF62784CC2C005D83D9 /* ViewControllerFullInfo.swift in Sources */ = {isa = PBXBuildFile; fileRef = 7FBF7BF52784CC2C005D83D9 /* ViewControllerFullInfo.swift */; };
		7FBF7BF82784CF6D005D83D9 /* TableViewCellFull.swift in Sources */ = {isa = PBXBuildFile; fileRef = 7FBF7BF72784CF6D005D83D9 /* TableViewCellFull.swift */; };
		7FBF7BFA2784D9AE005D83D9 /* UserFull.swift in Sources */ = {isa = PBXBuildFile; fileRef = 7FBF7BF92784D9AE005D83D9 /* UserFull.swift */; };
		7FBF7BFD2785D2C7005D83D9 /* MapVc.swift in Sources */ = {isa = PBXBuildFile; fileRef = 7FBF7BFC2785D2C7005D83D9 /* MapVc.swift */; };
		7FBF7C002785DDFC005D83D9 /* WorkWithImage.swift in Sources */ = {isa = PBXBuildFile; fileRef = 7FBF7BFF2785DDFC005D83D9 /* WorkWithImage.swift */; };
		7FBF7C022785FA09005D83D9 /* Artwork.swift in Sources */ = {isa = PBXBuildFile; fileRef = 7FBF7C012785FA09005D83D9 /* Artwork.swift */; };
		7FBF7C052788E215005D83D9 /* Constants.swift in Sources */ = {isa = PBXBuildFile; fileRef = 7FBF7C042788E215005D83D9 /* Constants.swift */; };
		7FE3FAAC2783307800CE561E /* AppDelegate.swift in Sources */ = {isa = PBXBuildFile; fileRef = 7FE3FAAB2783307800CE561E /* AppDelegate.swift */; };
		7FE3FAAE2783307800CE561E /* SceneDelegate.swift in Sources */ = {isa = PBXBuildFile; fileRef = 7FE3FAAD2783307800CE561E /* SceneDelegate.swift */; };
		7FE3FAB02783307800CE561E /* ViewController.swift in Sources */ = {isa = PBXBuildFile; fileRef = 7FE3FAAF2783307800CE561E /* ViewController.swift */; };
		7FE3FAB32783307800CE561E /* Main.storyboard in Resources */ = {isa = PBXBuildFile; fileRef = 7FE3FAB12783307800CE561E /* Main.storyboard */; };
		7FE3FAB52783307B00CE561E /* Assets.xcassets in Resources */ = {isa = PBXBuildFile; fileRef = 7FE3FAB42783307B00CE561E /* Assets.xcassets */; };
		7FE3FAB82783307B00CE561E /* LaunchScreen.storyboard in Resources */ = {isa = PBXBuildFile; fileRef = 7FE3FAB62783307B00CE561E /* LaunchScreen.storyboard */; };
		7FE3FAC62783355600CE561E /* TableViewController.swift in Sources */ = {isa = PBXBuildFile; fileRef = 7FE3FAC52783355600CE561E /* TableViewController.swift */; };
		7FE3FAC8278335AB00CE561E /* ViewControllerTableView.swift in Sources */ = {isa = PBXBuildFile; fileRef = 7FE3FAC7278335AB00CE561E /* ViewControllerTableView.swift */; };
		7FE3FACB278336C000CE561E /* TableViewCell.swift in Sources */ = {isa = PBXBuildFile; fileRef = 7FE3FACA278336C000CE561E /* TableViewCell.swift */; };
		7FE3FACD2783392700CE561E /* ServiseAPI.swift in Sources */ = {isa = PBXBuildFile; fileRef = 7FE3FACC2783392700CE561E /* ServiseAPI.swift */; };
		7FE3FACF27833A2000CE561E /* Users.swift in Sources */ = {isa = PBXBuildFile; fileRef = 7FE3FACE27833A2000CE561E /* Users.swift */; };
/* End PBXBuildFile section */

/* Begin PBXFileReference section */
		7FBF7BF52784CC2C005D83D9 /* ViewControllerFullInfo.swift */ = {isa = PBXFileReference; lastKnownFileType = sourcecode.swift; path = ViewControllerFullInfo.swift; sourceTree = "<group>"; };
		7FBF7BF72784CF6D005D83D9 /* TableViewCellFull.swift */ = {isa = PBXFileReference; lastKnownFileType = sourcecode.swift; path = TableViewCellFull.swift; sourceTree = "<group>"; };
		7FBF7BF92784D9AE005D83D9 /* UserFull.swift */ = {isa = PBXFileReference; lastKnownFileType = sourcecode.swift; path = UserFull.swift; sourceTree = "<group>"; };
		7FBF7BFC2785D2C7005D83D9 /* MapVc.swift */ = {isa = PBXFileReference; lastKnownFileType = sourcecode.swift; path = MapVc.swift; sourceTree = "<group>"; };
		7FBF7BFF2785DDFC005D83D9 /* WorkWithImage.swift */ = {isa = PBXFileReference; lastKnownFileType = sourcecode.swift; path = WorkWithImage.swift; sourceTree = "<group>"; };
		7FBF7C012785FA09005D83D9 /* Artwork.swift */ = {isa = PBXFileReference; lastKnownFileType = sourcecode.swift; path = Artwork.swift; sourceTree = "<group>"; };
		7FBF7C042788E215005D83D9 /* Constants.swift */ = {isa = PBXFileReference; lastKnownFileType = sourcecode.swift; path = Constants.swift; sourceTree = "<group>"; };
		7FE3FAA82783307800CE561E /* testTaskForITS_Partner.app */ = {isa = PBXFileReference; explicitFileType = wrapper.application; includeInIndex = 0; path = testTaskForITS_Partner.app; sourceTree = BUILT_PRODUCTS_DIR; };
		7FE3FAAB2783307800CE561E /* AppDelegate.swift */ = {isa = PBXFileReference; lastKnownFileType = sourcecode.swift; path = AppDelegate.swift; sourceTree = "<group>"; };
		7FE3FAAD2783307800CE561E /* SceneDelegate.swift */ = {isa = PBXFileReference; lastKnownFileType = sourcecode.swift; path = SceneDelegate.swift; sourceTree = "<group>"; };
		7FE3FAAF2783307800CE561E /* ViewController.swift */ = {isa = PBXFileReference; lastKnownFileType = sourcecode.swift; path = ViewController.swift; sourceTree = "<group>"; };
		7FE3FAB22783307800CE561E /* Base */ = {isa = PBXFileReference; lastKnownFileType = file.storyboard; name = Base; path = Base.lproj/Main.storyboard; sourceTree = "<group>"; };
		7FE3FAB42783307B00CE561E /* Assets.xcassets */ = {isa = PBXFileReference; lastKnownFileType = folder.assetcatalog; path = Assets.xcassets; sourceTree = "<group>"; };
		7FE3FAB72783307B00CE561E /* Base */ = {isa = PBXFileReference; lastKnownFileType = file.storyboard; name = Base; path = Base.lproj/LaunchScreen.storyboard; sourceTree = "<group>"; };
		7FE3FAB92783307B00CE561E /* Info.plist */ = {isa = PBXFileReference; lastKnownFileType = text.plist.xml; path = Info.plist; sourceTree = "<group>"; };
		7FE3FAC52783355600CE561E /* TableViewController.swift */ = {isa = PBXFileReference; lastKnownFileType = sourcecode.swift; path = TableViewController.swift; sourceTree = "<group>"; };
		7FE3FAC7278335AB00CE561E /* ViewControllerTableView.swift */ = {isa = PBXFileReference; lastKnownFileType = sourcecode.swift; path = ViewControllerTableView.swift; sourceTree = "<group>"; };
		7FE3FACA278336C000CE561E /* TableViewCell.swift */ = {isa = PBXFileReference; lastKnownFileType = sourcecode.swift; path = TableViewCell.swift; sourceTree = "<group>"; };
		7FE3FACC2783392700CE561E /* ServiseAPI.swift */ = {isa = PBXFileReference; lastKnownFileType = sourcecode.swift; path = ServiseAPI.swift; sourceTree = "<group>"; };
		7FE3FACE27833A2000CE561E /* Users.swift */ = {isa = PBXFileReference; lastKnownFileType = sourcecode.swift; path = Users.swift; sourceTree = "<group>"; };
/* End PBXFileReference section */

/* Begin PBXFrameworksBuildPhase section */
		7FE3FAA52783307800CE561E /* Frameworks */ = {
			isa = PBXFrameworksBuildPhase;
			buildActionMask = 2147483647;
			files = (
			);
			runOnlyForDeploymentPostprocessing = 0;
		};
/* End PBXFrameworksBuildPhase section */

/* Begin PBXGroup section */
		7FBF7BFB2785D2A0005D83D9 /* Body */ = {
			isa = PBXGroup;
			children = (
				7FBF7BF52784CC2C005D83D9 /* ViewControllerFullInfo.swift */,
				7FBF7BF72784CF6D005D83D9 /* TableViewCellFull.swift */,
				7FBF7BFC2785D2C7005D83D9 /* MapVc.swift */,
			);
			path = Body;
			sourceTree = "<group>";
		};
		7FBF7BFE2785DDD7005D83D9 /* Service */ = {
			isa = PBXGroup;
			children = (
				7FBF7BFF2785DDFC005D83D9 /* WorkWithImage.swift */,
			);
			path = Service;
			sourceTree = "<group>";
		};
		7FBF7C032788E202005D83D9 /* Constants */ = {
			isa = PBXGroup;
			children = (
				7FBF7C042788E215005D83D9 /* Constants.swift */,
			);
			path = Constants;
			sourceTree = "<group>";
		};
		7FE3FA9F2783307800CE561E = {
			isa = PBXGroup;
			children = (
				7FE3FAAA2783307800CE561E /* testTaskForITS_Partner */,
				7FE3FAA92783307800CE561E /* Products */,
			);
			sourceTree = "<group>";
		};
		7FE3FAA92783307800CE561E /* Products */ = {
			isa = PBXGroup;
			children = (
				7FE3FAA82783307800CE561E /* testTaskForITS_Partner.app */,
			);
			name = Products;
			sourceTree = "<group>";
		};
		7FE3FAAA2783307800CE561E /* testTaskForITS_Partner */ = {
			isa = PBXGroup;
			children = (
				7FBF7C032788E202005D83D9 /* Constants */,
				7FBF7BFE2785DDD7005D83D9 /* Service */,
				7FE3FAC42783319400CE561E /* Model */,
				7FE3FAC22783316E00CE561E /* Views */,
				7FE3FAC12783315400CE561E /* Controllers */,
				7FE3FAC32783318900CE561E /* API */,
				7FE3FAC02783312D00CE561E /* AppDelegat */,
				7FE3FABF2783310400CE561E /* SuportingFile */,
				7FE3FAB92783307B00CE561E /* Info.plist */,
			);
			path = testTaskForITS_Partner;
			sourceTree = "<group>";
		};
		7FE3FABF2783310400CE561E /* SuportingFile */ = {
			isa = PBXGroup;
			children = (
				7FE3FAB42783307B00CE561E /* Assets.xcassets */,
			);
			path = SuportingFile;
			sourceTree = "<group>";
		};
		7FE3FAC02783312D00CE561E /* AppDelegat */ = {
			isa = PBXGroup;
			children = (
				7FE3FAAB2783307800CE561E /* AppDelegate.swift */,
				7FE3FAAD2783307800CE561E /* SceneDelegate.swift */,
			);
			path = AppDelegat;
			sourceTree = "<group>";
		};
		7FE3FAC12783315400CE561E /* Controllers */ = {
			isa = PBXGroup;
			children = (
				7FE3FAB12783307800CE561E /* Main.storyboard */,
				7FE3FAB62783307B00CE561E /* LaunchScreen.storyboard */,
			);
			path = Controllers;
			sourceTree = "<group>";
		};
		7FE3FAC22783316E00CE561E /* Views */ = {
			isa = PBXGroup;
			children = (
				7FE3FAAF2783307800CE561E /* ViewController.swift */,
				7FE3FAC52783355600CE561E /* TableViewController.swift */,
				7FE3FAC9278336AA00CE561E /* Table */,
				7FBF7BFB2785D2A0005D83D9 /* Body */,
			);
			path = Views;
			sourceTree = "<group>";
		};
		7FE3FAC32783318900CE561E /* API */ = {
			isa = PBXGroup;
			children = (
				7FE3FACC2783392700CE561E /* ServiseAPI.swift */,
			);
			path = API;
			sourceTree = "<group>";
		};
		7FE3FAC42783319400CE561E /* Model */ = {
			isa = PBXGroup;
			children = (
				7FE3FACE27833A2000CE561E /* Users.swift */,
				7FBF7BF92784D9AE005D83D9 /* UserFull.swift */,
				7FBF7C012785FA09005D83D9 /* Artwork.swift */,
			);
			path = Model;
			sourceTree = "<group>";
		};
		7FE3FAC9278336AA00CE561E /* Table */ = {
			isa = PBXGroup;
			children = (
				7FE3FAC7278335AB00CE561E /* ViewControllerTableView.swift */,
				7FE3FACA278336C000CE561E /* TableViewCell.swift */,
			);
			path = Table;
			sourceTree = "<group>";
		};
/* End PBXGroup section */

/* Begin PBXNativeTarget section */
		7FE3FAA72783307800CE561E /* testTaskForITS_Partner */ = {
			isa = PBXNativeTarget;
			buildConfigurationList = 7FE3FABC2783307B00CE561E /* Build configuration list for PBXNativeTarget "testTaskForITS_Partner" */;
			buildPhases = (
				7FE3FAA42783307800CE561E /* Sources */,
				7FE3FAA52783307800CE561E /* Frameworks */,
				7FE3FAA62783307800CE561E /* Resources */,
			);
			buildRules = (
			);
			dependencies = (
			);
			name = testTaskForITS_Partner;
			productName = testTaskForITS_Partner;
			productReference = 7FE3FAA82783307800CE561E /* testTaskForITS_Partner.app */;
			productType = "com.apple.product-type.application";
		};
/* End PBXNativeTarget section */

/* Begin PBXProject section */
		7FE3FAA02783307800CE561E /* Project object */ = {
			isa = PBXProject;
			attributes = {
				BuildIndependentTargetsInParallel = 1;
				LastSwiftUpdateCheck = 1310;
				LastUpgradeCheck = 1310;
				TargetAttributes = {
					7FE3FAA72783307800CE561E = {
						CreatedOnToolsVersion = 13.1;
					};
				};
			};
			buildConfigurationList = 7FE3FAA32783307800CE561E /* Build configuration list for PBXProject "testTaskForITS_Partner" */;
			compatibilityVersion = "Xcode 13.0";
			developmentRegion = en;
			hasScannedForEncodings = 0;
			knownRegions = (
				en,
				Base,
			);
			mainGroup = 7FE3FA9F2783307800CE561E;
			productRefGroup = 7FE3FAA92783307800CE561E /* Products */;
			projectDirPath = "";
			projectRoot = "";
			targets = (
				7FE3FAA72783307800CE561E /* testTaskForITS_Partner */,
			);
		};
/* End PBXProject section */

/* Begin PBXResourcesBuildPhase section */
		7FE3FAA62783307800CE561E /* Resources */ = {
			isa = PBXResourcesBuildPhase;
			buildActionMask = 2147483647;
			files = (
				7FE3FAB82783307B00CE561E /* LaunchScreen.storyboard in Resources */,
				7FE3FAB52783307B00CE561E /* Assets.xcassets in Resources */,
				7FE3FAB32783307800CE561E /* Main.storyboard in Resources */,
			);
			runOnlyForDeploymentPostprocessing = 0;
		};
/* End PBXResourcesBuildPhase section */

/* Begin PBXSourcesBuildPhase section */
		7FE3FAA42783307800CE561E /* Sources */ = {
			isa = PBXSourcesBuildPhase;
			buildActionMask = 2147483647;
			files = (
				7FE3FACF27833A2000CE561E /* Users.swift in Sources */,
				7FE3FAC8278335AB00CE561E /* ViewControllerTableView.swift in Sources */,
				7FBF7BFA2784D9AE005D83D9 /* UserFull.swift in Sources */,
				7FBF7C002785DDFC005D83D9 /* WorkWithImage.swift in Sources */,
				7FBF7BF82784CF6D005D83D9 /* TableViewCellFull.swift in Sources */,
				7FBF7C052788E215005D83D9 /* Constants.swift in Sources */,
				7FE3FAB02783307800CE561E /* ViewController.swift in Sources */,
				7FBF7C022785FA09005D83D9 /* Artwork.swift in Sources */,
				7FE3FAAC2783307800CE561E /* AppDelegate.swift in Sources */,
				7FE3FACB278336C000CE561E /* TableViewCell.swift in Sources */,
				7FE3FAAE2783307800CE561E /* SceneDelegate.swift in Sources */,
				7FE3FAC62783355600CE561E /* TableViewController.swift in Sources */,
				7FBF7BFD2785D2C7005D83D9 /* MapVc.swift in Sources */,
				7FE3FACD2783392700CE561E /* ServiseAPI.swift in Sources */,
				7FBF7BF62784CC2C005D83D9 /* ViewControllerFullInfo.swift in Sources */,
			);
			runOnlyForDeploymentPostprocessing = 0;
		};
/* End PBXSourcesBuildPhase section */

/* Begin PBXVariantGroup section */
		7FE3FAB12783307800CE561E /* Main.storyboard */ = {
			isa = PBXVariantGroup;
			children = (
				7FE3FAB22783307800CE561E /* Base */,
			);
			name = Main.storyboard;
			sourceTree = "<group>";
		};
		7FE3FAB62783307B00CE561E /* LaunchScreen.storyboard */ = {
			isa = PBXVariantGroup;
			children = (
				7FE3FAB72783307B00CE561E /* Base */,
			);
			name = LaunchScreen.storyboard;
			sourceTree = "<group>";
		};
/* End PBXVariantGroup section */

/* Begin XCBuildConfiguration section */
		7FE3FABA2783307B00CE561E /* Debug */ = {
			isa = XCBuildConfiguration;
			buildSettings = {
				ALWAYS_SEARCH_USER_PATHS = NO;
				CLANG_ANALYZER_NONNULL = YES;
				CLANG_ANALYZER_NUMBER_OBJECT_CONVERSION = YES_AGGRESSIVE;
				CLANG_CXX_LANGUAGE_STANDARD = "gnu++17";
				CLANG_CXX_LIBRARY = "libc++";
				CLANG_ENABLE_MODULES = YES;
				CLANG_ENABLE_OBJC_ARC = YES;
				CLANG_ENABLE_OBJC_WEAK = YES;
				CLANG_WARN_BLOCK_CAPTURE_AUTORELEASING = YES;
				CLANG_WARN_BOOL_CONVERSION = YES;
				CLANG_WARN_COMMA = YES;
				CLANG_WARN_CONSTANT_CONVERSION = YES;
				CLANG_WARN_DEPRECATED_OBJC_IMPLEMENTATIONS = YES;
				CLANG_WARN_DIRECT_OBJC_ISA_USAGE = YES_ERROR;
				CLANG_WARN_DOCUMENTATION_COMMENTS = YES;
				CLANG_WARN_EMPTY_BODY = YES;
				CLANG_WARN_ENUM_CONVERSION = YES;
				CLANG_WARN_INFINITE_RECURSION = YES;
				CLANG_WARN_INT_CONVERSION = YES;
				CLANG_WARN_NON_LITERAL_NULL_CONVERSION = YES;
				CLANG_WARN_OBJC_IMPLICIT_RETAIN_SELF = YES;
				CLANG_WARN_OBJC_LITERAL_CONVERSION = YES;
				CLANG_WARN_OBJC_ROOT_CLASS = YES_ERROR;
				CLANG_WARN_QUOTED_INCLUDE_IN_FRAMEWORK_HEADER = YES;
				CLANG_WARN_RANGE_LOOP_ANALYSIS = YES;
				CLANG_WARN_STRICT_PROTOTYPES = YES;
				CLANG_WARN_SUSPICIOUS_MOVE = YES;
				CLANG_WARN_UNGUARDED_AVAILABILITY = YES_AGGRESSIVE;
				CLANG_WARN_UNREACHABLE_CODE = YES;
				CLANG_WARN__DUPLICATE_METHOD_MATCH = YES;
				COPY_PHASE_STRIP = NO;
				DEBUG_INFORMATION_FORMAT = dwarf;
				ENABLE_STRICT_OBJC_MSGSEND = YES;
				ENABLE_TESTABILITY = YES;
				GCC_C_LANGUAGE_STANDARD = gnu11;
				GCC_DYNAMIC_NO_PIC = NO;
				GCC_NO_COMMON_BLOCKS = YES;
				GCC_OPTIMIZATION_LEVEL = 0;
				GCC_PREPROCESSOR_DEFINITIONS = (
					"DEBUG=1",
					"$(inherited)",
				);
				GCC_WARN_64_TO_32_BIT_CONVERSION = YES;
				GCC_WARN_ABOUT_RETURN_TYPE = YES_ERROR;
				GCC_WARN_UNDECLARED_SELECTOR = YES;
				GCC_WARN_UNINITIALIZED_AUTOS = YES_AGGRESSIVE;
				GCC_WARN_UNUSED_FUNCTION = YES;
				GCC_WARN_UNUSED_VARIABLE = YES;
				IPHONEOS_DEPLOYMENT_TARGET = 15.2;
				MTL_ENABLE_DEBUG_INFO = INCLUDE_SOURCE;
				MTL_FAST_MATH = YES;
				ONLY_ACTIVE_ARCH = YES;
				SDKROOT = iphoneos;
				SWIFT_ACTIVE_COMPILATION_CONDITIONS = DEBUG;
				SWIFT_OPTIMIZATION_LEVEL = "-Onone";
			};
			name = Debug;
		};
		7FE3FABB2783307B00CE561E /* Release */ = {
			isa = XCBuildConfiguration;
			buildSettings = {
				ALWAYS_SEARCH_USER_PATHS = NO;
				CLANG_ANALYZER_NONNULL = YES;
				CLANG_ANALYZER_NUMBER_OBJECT_CONVERSION = YES_AGGRESSIVE;
				CLANG_CXX_LANGUAGE_STANDARD = "gnu++17";
				CLANG_CXX_LIBRARY = "libc++";
				CLANG_ENABLE_MODULES = YES;
				CLANG_ENABLE_OBJC_ARC = YES;
				CLANG_ENABLE_OBJC_WEAK = YES;
				CLANG_WARN_BLOCK_CAPTURE_AUTORELEASING = YES;
				CLANG_WARN_BOOL_CONVERSION = YES;
				CLANG_WARN_COMMA = YES;
				CLANG_WARN_CONSTANT_CONVERSION = YES;
				CLANG_WARN_DEPRECATED_OBJC_IMPLEMENTATIONS = YES;
				CLANG_WARN_DIRECT_OBJC_ISA_USAGE = YES_ERROR;
				CLANG_WARN_DOCUMENTATION_COMMENTS = YES;
				CLANG_WARN_EMPTY_BODY = YES;
				CLANG_WARN_ENUM_CONVERSION = YES;
				CLANG_WARN_INFINITE_RECURSION = YES;
				CLANG_WARN_INT_CONVERSION = YES;
				CLANG_WARN_NON_LITERAL_NULL_CONVERSION = YES;
				CLANG_WARN_OBJC_IMPLICIT_RETAIN_SELF = YES;
				CLANG_WARN_OBJC_LITERAL_CONVERSION = YES;
				CLANG_WARN_OBJC_ROOT_CLASS = YES_ERROR;
				CLANG_WARN_QUOTED_INCLUDE_IN_FRAMEWORK_HEADER = YES;
				CLANG_WARN_RANGE_LOOP_ANALYSIS = YES;
				CLANG_WARN_STRICT_PROTOTYPES = YES;
				CLANG_WARN_SUSPICIOUS_MOVE = YES;
				CLANG_WARN_UNGUARDED_AVAILABILITY = YES_AGGRESSIVE;
				CLANG_WARN_UNREACHABLE_CODE = YES;
				CLANG_WARN__DUPLICATE_METHOD_MATCH = YES;
				COPY_PHASE_STRIP = NO;
				DEBUG_INFORMATION_FORMAT = "dwarf-with-dsym";
				ENABLE_NS_ASSERTIONS = NO;
				ENABLE_STRICT_OBJC_MSGSEND = YES;
				GCC_C_LANGUAGE_STANDARD = gnu11;
				GCC_NO_COMMON_BLOCKS = YES;
				GCC_WARN_64_TO_32_BIT_CONVERSION = YES;
				GCC_WARN_ABOUT_RETURN_TYPE = YES_ERROR;
				GCC_WARN_UNDECLARED_SELECTOR = YES;
				GCC_WARN_UNINITIALIZED_AUTOS = YES_AGGRESSIVE;
				GCC_WARN_UNUSED_FUNCTION = YES;
				GCC_WARN_UNUSED_VARIABLE = YES;
				IPHONEOS_DEPLOYMENT_TARGET = 15.2;
				MTL_ENABLE_DEBUG_INFO = NO;
				MTL_FAST_MATH = YES;
				SDKROOT = iphoneos;
				SWIFT_COMPILATION_MODE = wholemodule;
				SWIFT_OPTIMIZATION_LEVEL = "-O";
				VALIDATE_PRODUCT = YES;
			};
			name = Release;
		};
		7FE3FABD2783307B00CE561E /* Debug */ = {
			isa = XCBuildConfiguration;
			buildSettings = {
				ASSETCATALOG_COMPILER_APPICON_NAME = AppIcon;
				ASSETCATALOG_COMPILER_GLOBAL_ACCENT_COLOR_NAME = AccentColor;
				CODE_SIGN_STYLE = Automatic;
				CURRENT_PROJECT_VERSION = 1;
				DEVELOPMENT_TEAM = 62F98PL32L;
				GENERATE_INFOPLIST_FILE = YES;
				INFOPLIST_FILE = testTaskForITS_Partner/Info.plist;
				INFOPLIST_KEY_UIApplicationSupportsIndirectInputEvents = YES;
				INFOPLIST_KEY_UILaunchStoryboardName = LaunchScreen;
				INFOPLIST_KEY_UIMainStoryboardFile = Main;
				INFOPLIST_KEY_UISupportedInterfaceOrientations = UIInterfaceOrientationPortrait;
				INFOPLIST_KEY_UISupportedInterfaceOrientations_iPad = "UIInterfaceOrientationPortrait UIInterfaceOrientationPortraitUpsideDown UIInterfaceOrientationLandscapeLeft UIInterfaceOrientationLandscapeRight";
				INFOPLIST_KEY_UISupportedInterfaceOrientations_iPhone = "UIInterfaceOrientationPortrait UIInterfaceOrientationLandscapeLeft UIInterfaceOrientationLandscapeRight";
				LD_RUNPATH_SEARCH_PATHS = (
					"$(inherited)",
					"@executable_path/Frameworks",
				);
				MARKETING_VERSION = 1.0;
				PRODUCT_BUNDLE_IDENTIFIER = "by.lesson1.pavel-bazylevich.testTaskForITS-Partner";
				PRODUCT_NAME = "$(TARGET_NAME)";
				SWIFT_EMIT_LOC_STRINGS = YES;
				SWIFT_VERSION = 5.0;
				TARGETED_DEVICE_FAMILY = 1;
			};
			name = Debug;
		};
		7FE3FABE2783307B00CE561E /* Release */ = {
			isa = XCBuildConfiguration;
			buildSettings = {
				ASSETCATALOG_COMPILER_APPICON_NAME = AppIcon;
				ASSETCATALOG_COMPILER_GLOBAL_ACCENT_COLOR_NAME = AccentColor;
				CODE_SIGN_STYLE = Automatic;
				CURRENT_PROJECT_VERSION = 1;
				DEVELOPMENT_TEAM = 62F98PL32L;
				GENERATE_INFOPLIST_FILE = YES;
				INFOPLIST_FILE = testTaskForITS_Partner/Info.plist;
				INFOPLIST_KEY_UIApplicationSupportsIndirectInputEvents = YES;
				INFOPLIST_KEY_UILaunchStoryboardName = LaunchScreen;
				INFOPLIST_KEY_UIMainStoryboardFile = Main;
				INFOPLIST_KEY_UISupportedInterfaceOrientations = UIInterfaceOrientationPortrait;
				INFOPLIST_KEY_UISupportedInterfaceOrientations_iPad = "UIInterfaceOrientationPortrait UIInterfaceOrientationPortraitUpsideDown UIInterfaceOrientationLandscapeLeft UIInterfaceOrientationLandscapeRight";
				INFOPLIST_KEY_UISupportedInterfaceOrientations_iPhone = "UIInterfaceOrientationPortrait UIInterfaceOrientationLandscapeLeft UIInterfaceOrientationLandscapeRight";
				LD_RUNPATH_SEARCH_PATHS = (
					"$(inherited)",
					"@executable_path/Frameworks",
				);
				MARKETING_VERSION = 1.0;
				PRODUCT_BUNDLE_IDENTIFIER = "by.lesson1.pavel-bazylevich.testTaskForITS-Partner";
				PRODUCT_NAME = "$(TARGET_NAME)";
				SWIFT_EMIT_LOC_STRINGS = YES;
				SWIFT_VERSION = 5.0;
				TARGETED_DEVICE_FAMILY = 1;
			};
			name = Release;
		};
/* End XCBuildConfiguration section */

/* Begin XCConfigurationList section */
		7FE3FAA32783307800CE561E /* Build configuration list for PBXProject "testTaskForITS_Partner" */ = {
			isa = XCConfigurationList;
			buildConfigurations = (
				7FE3FABA2783307B00CE561E /* Debug */,
				7FE3FABB2783307B00CE561E /* Release */,
			);
			defaultConfigurationIsVisible = 0;
			defaultConfigurationName = Release;
		};
		7FE3FABC2783307B00CE561E /* Build configuration list for PBXNativeTarget "testTaskForITS_Partner" */ = {
			isa = XCConfigurationList;
			buildConfigurations = (
				7FE3FABD2783307B00CE561E /* Debug */,
				7FE3FABE2783307B00CE561E /* Release */,
			);
			defaultConfigurationIsVisible = 0;
			defaultConfigurationName = Release;
		};
/* End XCConfigurationList section */
	};
	rootObject = 7FE3FAA02783307800CE561E /* Project object */;
}
